
Microsoft Visual Studio Solution File, Format Version 12.00
# Visual Studio Version 16
VisualStudioVersion = 16.0.30309.148
MinimumVisualStudioVersion = 10.0.40219.1
Project("{9A19103F-16F7-4668-BE54-9A1E7A4F7556}") = "WAApuestas", "WAApuestas\WAApuestas.csproj", "{D2AFFCD3-5572-45DE-A850-55A5544DE863}"
EndProject
Project("{FAE04EC0-301F-11D3-BF4B-00C04F79EFBC}") = "UTGestionApuestas", "UTGestionApuestas\UTGestionApuestas.csproj", "{D0F38DEF-5000-4383-8978-DE4795ABB1EA}"
EndProject
Global
	GlobalSection(SolutionConfigurationPlatforms) = preSolution
		Debug|Any CPU = Debug|Any CPU
		Release|Any CPU = Release|Any CPU
	EndGlobalSection
	GlobalSection(ProjectConfigurationPlatforms) = postSolution
		{D2AFFCD3-5572-45DE-A850-55A5544DE863}.Debug|Any CPU.ActiveCfg = Debug|Any CPU
		{D2AFFCD3-5572-45DE-A850-55A5544DE863}.Debug|Any CPU.Build.0 = Debug|Any CPU
		{D2AFFCD3-5572-45DE-A850-55A5544DE863}.Release|Any CPU.ActiveCfg = Release|Any CPU
		{D2AFFCD3-5572-45DE-A850-55A5544DE863}.Release|Any CPU.Build.0 = Release|Any CPU
		{D0F38DEF-5000-4383-8978-DE4795ABB1EA}.Debug|Any CPU.ActiveCfg = Debug|Any CPU
		{D0F38DEF-5000-4383-8978-DE4795ABB1EA}.Debug|Any CPU.Build.0 = Debug|Any CPU
		{D0F38DEF-5000-4383-8978-DE4795ABB1EA}.Release|Any CPU.ActiveCfg = Release|Any CPU
		{D0F38DEF-5000-4383-8978-DE4795ABB1EA}.Release|Any CPU.Build.0 = Release|Any CPU
	EndGlobalSection
	GlobalSection(SolutionProperties) = preSolution
		HideSolutionNode = FALSE
	EndGlobalSection
	GlobalSection(ExtensibilityGlobals) = postSolution
		SolutionGuid = {A3B826D2-34A9-41B8-9677-A5DBCA286603}
	EndGlobalSection
EndGlobal
